Microsoft Visual Studio Solution File, Format Version 12.00
# Visual Studio Version 17
VisualStudioVersion = 17.9.34728.123
MinimumVisualStudioVersion = 10.0.40219.1
Project("{FAE04EC0-301F-11D3-BF4B-00C04F79EFBC}") = "OtraActividadOO", "OtraActividadOO\OtraActividadOO.csproj", "{9BDCAEB5-8C11-4EEB-B40D-5786F32FA324}"
EndProject
Global
	GlobalSection(SolutionConfigurationPlatforms) = preSolution
		Debug|Any CPU = Debug|Any CPU
		Release|Any CPU = Release|Any CPU
	EndGlobalSection
	GlobalSection(ProjectConfigurationPlatforms) = postSolution
		{9BDCAEB5-8C11-4EEB-B40D-5786F32FA324}.Debug|Any CPU.ActiveCfg = Debug|Any CPU
		{9BDCAEB5-8C11-4EEB-B40D-5786F32FA324}.Debug|Any CPU.Build.0 = Debug|Any CPU
		{9BDCAEB5-8C11-4EEB-B40D-5786F32FA324}.Release|Any CPU.ActiveCfg = Release|Any CPU
		{9BDCAEB5-8C11-4EEB-B40D-5786F32FA324}.Release|Any CPU.Build.0 = Release|Any CPU
	EndGlobalSection
	GlobalSection(SolutionProperties) = preSolution
		HideSolutionNode = FALSE
	EndGlobalSection
	GlobalSection(ExtensibilityGlobals) = postSolution
		SolutionGuid = {2D7692C6-962C-47C4-BF88-9FCE997D0638}
	EndGlobalSection
EndGlobal