Microsoft Visual Studio Solution File, Format Version 12.00
# Visual Studio Version 17
VisualStudioVersion = 17.14.36203.30 d17.14
MinimumVisualStudioVersion = 10.0.40219.1
Project("{FAE04EC0-301F-11D3-BF4B-00C04F79EFBC}") = "Proyecto2", "Proyecto2\Proyecto2.csproj", "{27E97C04-714A-46D6-B6CE-0CE0F5D9E7E1}"
EndProject
Global
	GlobalSection(SolutionConfigurationPlatforms) = preSolution
		Debug|Any CPU = Debug|Any CPU
		Release|Any CPU = Release|Any CPU
	EndGlobalSection
	GlobalSection(ProjectConfigurationPlatforms) = postSolution
		{27E97C04-714A-46D6-B6CE-0CE0F5D9E7E1}.Debug|Any CPU.ActiveCfg = Debug|Any CPU
		{27E97C04-714A-46D6-B6CE-0CE0F5D9E7E1}.Debug|Any CPU.Build.0 = Debug|Any CPU
		{27E97C04-714A-46D6-B6CE-0CE0F5D9E7E1}.Release|Any CPU.ActiveCfg = Release|Any CPU
		{27E97C04-714A-46D6-B6CE-0CE0F5D9E7E1}.Release|Any CPU.Build.0 = Release|Any CPU
	EndGlobalSection
	GlobalSection(SolutionProperties) = preSolution
		HideSolutionNode = FALSE
	EndGlobalSection
	GlobalSection(ExtensibilityGlobals) = postSolution
		SolutionGuid = {B7783DF8-5DCB-42DF-A65B-16272CB43A8F}
	EndGlobalSection
EndGlobal