
Microsoft Visual Studio Solution File, Format Version 12.00
# Visual Studio Version 16
VisualStudioVersion = 16.0.28803.202
MinimumVisualStudioVersion = 10.0.40219.1
Project("{FAE04EC0-301F-11D3-BF4B-00C04F79EFBC}") = "Area", "Area\Area.csproj", "{65B1DFE6-6CD3-4485-8C52-D6FCE7016BAA}"
EndProject
Project("{2150E333-8FDC-42A3-9474-1A3956D46DE8}") = "Solution Items", "Solution Items", "{61540A1D-F8E6-4818-9F3B-D40304069B15}"
	ProjectSection(SolutionItems) = preProject
		Rectangulo.cs = Rectangulo.cs
	EndProjectSection
EndProject
Global
	GlobalSection(SolutionConfigurationPlatforms) = preSolution
		Debug|Any CPU = Debug|Any CPU
		Release|Any CPU = Release|Any CPU
	EndGlobalSection
	GlobalSection(ProjectConfigurationPlatforms) = postSolution
		{65B1DFE6-6CD3-4485-8C52-D6FCE7016BAA}.Debug|Any CPU.ActiveCfg = Debug|Any CPU
		{65B1DFE6-6CD3-4485-8C52-D6FCE7016BAA}.Debug|Any CPU.Build.0 = Debug|Any CPU
		{65B1DFE6-6CD3-4485-8C52-D6FCE7016BAA}.Release|Any CPU.ActiveCfg = Release|Any CPU
		{65B1DFE6-6CD3-4485-8C52-D6FCE7016BAA}.Release|Any CPU.Build.0 = Release|Any CPU
	EndGlobalSection
	GlobalSection(SolutionProperties) = preSolution
		HideSolutionNode = FALSE
	EndGlobalSection
	GlobalSection(ExtensibilityGlobals) = postSolution
		SolutionGuid = {BE339DB3-E5C9-43B1-ADB3-04E3D3CE92F3}
	EndGlobalSection
EndGlobal
